// !$*UTF8*$!
{
	archiveVersion = 1;
	classes = {
	};
	objectVersion = 46;
	objects = {

/* Begin PBXBuildFile section */
		345B734F1B95D886002D6DD8 /* main.m in Sources */ = {isa = PBXBuildFile; fileRef = 345B734E1B95D886002D6DD8 /* main.m */; };
		345B73521B95D886002D6DD8 /* AppDelegate.m in Sources */ = {isa = PBXBuildFile; fileRef = 345B73511B95D886002D6DD8 /* AppDelegate.m */; };
		345B73551B95D886002D6DD8 /* ViewController.m in Sources */ = {isa = PBXBuildFile; fileRef = 345B73541B95D886002D6DD8 /* ViewController.m */; };
		345B73581B95D886002D6DD8 /* Main.storyboard in Resources */ = {isa = PBXBuildFile; fileRef = 345B73561B95D886002D6DD8 /* Main.storyboard */; };
		345B735A1B95D886002D6DD8 /* Images.xcassets in Resources */ = {isa = PBXBuildFile; fileRef = 345B73591B95D886002D6DD8 /* Images.xcassets */; };
		345B735D1B95D886002D6DD8 /* LaunchScreen.xib in Resources */ = {isa = PBXBuildFile; fileRef = 345B735B1B95D886002D6DD8 /* LaunchScreen.xib */; };
		345B73691B95D886002D6DD8 /* FacebookTestAppTests.m in Sources */ = {isa = PBXBuildFile; fileRef = 345B73681B95D886002D6DD8 /* FacebookTestAppTests.m */; };
		6D5AC79115170C24BFF710E1 /* libPods-FacebookTestApp.a in Frameworks */ = {isa = PBXBuildFile; fileRef = 721B1715DCF6258E4FD6AC80 /* libPods-FacebookTestApp.a */; };
/* End PBXBuildFile section */

/* Begin PBXContainerItemProxy section */
		345B73631B95D886002D6DD8 /* PBXContainerItemProxy */ = {
			isa = PBXContainerItemProxy;
			containerPortal = 345B73411B95D886002D6DD8 /* Project object */;
			proxyType = 1;
			remoteGlobalIDString = 345B73481B95D886002D6DD8;
			remoteInfo = FacebookTestApp;
		};
/* End PBXContainerItemProxy section */

/* Begin PBXFileReference section */
		345B73491B95D886002D6DD8 /* FacebookTestApp.app */ = {isa = PBXFileReference; explicitFileType = wrapper.application; includeInIndex = 0; path = FacebookTestApp.app; sourceTree = BUILT_PRODUCTS_DIR; };
		345B734D1B95D886002D6DD8 /* Info.plist */ = {isa = PBXFileReference; lastKnownFileType = text.plist.xml; path = Info.plist; sourceTree = "<group>"; };
		345B734E1B95D886002D6DD8 /* main.m */ = {isa = PBXFileReference; lastKnownFileType = sourcecode.c.objc; path = main.m; sourceTree = "<group>"; };
		345B73501B95D886002D6DD8 /* AppDelegate.h */ = {isa = PBXFileReference; lastKnownFileType = sourcecode.c.h; path = AppDelegate.h; sourceTree = "<group>"; };
		345B73511B95D886002D6DD8 /* AppDelegate.m */ = {isa = PBXFileReference; lastKnownFileType = sourcecode.c.objc; path = AppDelegate.m; sourceTree = "<group>"; };
		345B73531B95D886002D6DD8 /* ViewController.h */ = {isa = PBXFileReference; lastKnownFileType = sourcecode.c.h; path = ViewController.h; sourceTree = "<group>"; };
		345B73541B95D886002D6DD8 /* ViewController.m */ = {isa = PBXFileReference; lastKnownFileType = sourcecode.c.objc; path = ViewController.m; sourceTree = "<group>"; };
		345B73571B95D886002D6DD8 /* Base */ = {isa = PBXFileReference; lastKnownFileType = file.storyboard; name = Base; path = Base.lproj/Main.storyboard; sourceTree = "<group>"; };
		345B73591B95D886002D6DD8 /* Images.xcassets */ = {isa = PBXFileReference; lastKnownFileType = folder.assetcatalog; path = Images.xcassets; sourceTree = "<group>"; };
		345B735C1B95D886002D6DD8 /* Base */ = {isa = PBXFileReference; lastKnownFileType = file.xib; name = Base; path = Base.lproj/LaunchScreen.xib; sourceTree = "<group>"; };
		345B73621B95D886002D6DD8 /* FacebookTestAppTests.xctest */ = {isa = PBXFileReference; explicitFileType = wrapper.cfbundle; includeInIndex = 0; path = FacebookTestAppTests.xctest; sourceTree = BUILT_PRODUCTS_DIR; };
		345B73671B95D886002D6DD8 /* Info.plist */ = {isa = PBXFileReference; lastKnownFileType = text.plist.xml; path = Info.plist; sourceTree = "<group>"; };
		345B73681B95D886002D6DD8 /* FacebookTestAppTests.m */ = {isa = PBXFileReference; lastKnownFileType = sourcecode.c.objc; path = FacebookTestAppTests.m; sourceTree = "<group>"; };
		721B1715DCF6258E4FD6AC80 /* libPods-FacebookTestApp.a */ = {isa = PBXFileReference; explicitFileType = archive.ar; includeInIndex = 0; path = "libPods-FacebookTestApp.a"; sourceTree = BUILT_PRODUCTS_DIR; };
		A65B5A8CC02B09FE9C8385C7 /* Pods-FacebookTestApp.debug.xcconfig */ = {isa = PBXFileReference; includeInIndex = 1; lastKnownFileType = text.xcconfig; name = "Pods-FacebookTestApp.debug.xcconfig"; path = "Pods/Target Support Files/Pods-FacebookTestApp/Pods-FacebookTestApp.debug.xcconfig"; sourceTree = "<group>"; };
		C0834892E50D21C397174928 /* Pods-FacebookTestApp.release.xcconfig */ = {isa = PBXFileReference; includeInIndex = 1; lastKnownFileType = text.xcconfig; name = "Pods-FacebookTestApp.release.xcconfig"; path = "Pods/Target Support Files/Pods-FacebookTestApp/Pods-FacebookTestApp.release.xcconfig"; sourceTree = "<group>"; };
/* End PBXFileReference section */

/* Begin PBXFrameworksBuildPhase section */
		345B73461B95D886002D6DD8 /* Frameworks */ = {
			isa = PBXFrameworksBuildPhase;
			buildActionMask = 2147483647;
			files = (
				6D5AC79115170C24BFF710E1 /* libPods-FacebookTestApp.a in Frameworks */,
			);
			runOnlyForDeploymentPostprocessing = 0;
		};
		345B735F1B95D886002D6DD8 /* Frameworks */ = {
			isa = PBXFrameworksBuildPhase;
			buildActionMask = 2147483647;
			files = (
			);
			runOnlyForDeploymentPostprocessing = 0;
		};
/* End PBXFrameworksBuildPhase section */

/* Begin PBXGroup section */
		345B73401B95D886002D6DD8 = {
			isa = PBXGroup;
			children = (
				345B734B1B95D886002D6DD8 /* FacebookTestApp */,
				345B73651B95D886002D6DD8 /* FacebookTestAppTests */,
				345B734A1B95D886002D6DD8 /* Products */,
				FBFD1B6D99922DEA05317FA2 /* Pods */,
				B3D4586C732ADE33E050D4A8 /* Frameworks */,
			);
			sourceTree = "<group>";
		};
		345B734A1B95D886002D6DD8 /* Products */ = {
			isa = PBXGroup;
			children = (
				345B73491B95D886002D6DD8 /* FacebookTestApp.app */,
				345B73621B95D886002D6DD8 /* FacebookTestAppTests.xctest */,
			);
			name = Products;
			sourceTree = "<group>";
		};
		345B734B1B95D886002D6DD8 /* FacebookTestApp */ = {
			isa = PBXGroup;
			children = (
				345B73501B95D886002D6DD8 /* AppDelegate.h */,
				345B73511B95D886002D6DD8 /* AppDelegate.m */,
				345B73531B95D886002D6DD8 /* ViewController.h */,
				345B73541B95D886002D6DD8 /* ViewController.m */,
				345B73561B95D886002D6DD8 /* Main.storyboard */,
				345B73591B95D886002D6DD8 /* Images.xcassets */,
				345B735B1B95D886002D6DD8 /* LaunchScreen.xib */,
				345B734C1B95D886002D6DD8 /* Supporting Files */,
			);
			path = FacebookTestApp;
			sourceTree = "<group>";
		};
		345B734C1B95D886002D6DD8 /* Supporting Files */ = {
			isa = PBXGroup;
			children = (
				345B734D1B95D886002D6DD8 /* Info.plist */,
				345B734E1B95D886002D6DD8 /* main.m */,
			);
			name = "Supporting Files";
			sourceTree = "<group>";
		};
		345B73651B95D886002D6DD8 /* FacebookTestAppTests */ = {
			isa = PBXGroup;
			children = (
				345B73681B95D886002D6DD8 /* FacebookTestAppTests.m */,
				345B73661B95D886002D6DD8 /* Supporting Files */,
			);
			path = FacebookTestAppTests;
			sourceTree = "<group>";
		};
		345B73661B95D886002D6DD8 /* Supporting Files */ = {
			isa = PBXGroup;
			children = (
				345B73671B95D886002D6DD8 /* Info.plist */,
			);
			name = "Supporting Files";
			sourceTree = "<group>";
		};
		B3D4586C732ADE33E050D4A8 /* Frameworks */ = {
			isa = PBXGroup;
			children = (
				721B1715DCF6258E4FD6AC80 /* libPods-FacebookTestApp.a */,
			);
			name = Frameworks;
			sourceTree = "<group>";
		};
		FBFD1B6D99922DEA05317FA2 /* Pods */ = {
			isa = PBXGroup;
			children = (
				A65B5A8CC02B09FE9C8385C7 /* Pods-FacebookTestApp.debug.xcconfig */,
				C0834892E50D21C397174928 /* Pods-FacebookTestApp.release.xcconfig */,
			);
			name = Pods;
			sourceTree = "<group>";
		};
/* End PBXGroup section */

/* Begin PBXNativeTarget section */
		345B73481B95D886002D6DD8 /* FacebookTestApp */ = {
			isa = PBXNativeTarget;
			buildConfigurationList = 345B736C1B95D886002D6DD8 /* Build configuration list for PBXNativeTarget "FacebookTestApp" */;
			buildPhases = (
				3FA35A391A8D3193BC01B488 /* Check Pods Manifest.lock */,
				345B73451B95D886002D6DD8 /* Sources */,
				345B73461B95D886002D6DD8 /* Frameworks */,
				345B73471B95D886002D6DD8 /* Resources */,
				8411A0A5717B2FEBE2690E72 /* Copy Pods Resources */,
			);
			buildRules = (
			);
			dependencies = (
			);
			name = FacebookTestApp;
			productName = FacebookTestApp;
			productReference = 345B73491B95D886002D6DD8 /* FacebookTestApp.app */;
			productType = "com.apple.product-type.application";
		};
		345B73611B95D886002D6DD8 /* FacebookTestAppTests */ = {
			isa = PBXNativeTarget;
			buildConfigurationList = 345B736F1B95D886002D6DD8 /* Build configuration list for PBXNativeTarget "FacebookTestAppTests" */;
			buildPhases = (
				345B735E1B95D886002D6DD8 /* Sources */,
				345B735F1B95D886002D6DD8 /* Frameworks */,
				345B73601B95D886002D6DD8 /* Resources */,
			);
			buildRules = (
			);
			dependencies = (
				345B73641B95D886002D6DD8 /* PBXTargetDependency */,
			);
			name = FacebookTestAppTests;
			productName = FacebookTestAppTests;
			productReference = 345B73621B95D886002D6DD8 /* FacebookTestAppTests.xctest */;
			productType = "com.apple.product-type.bundle.unit-test";
		};
/* End PBXNativeTarget section */

/* Begin PBXProject section */
		345B73411B95D886002D6DD8 /* Project object */ = {
			isa = PBXProject;
			attributes = {
				LastUpgradeCheck = 0640;
				ORGANIZATIONNAME = "Domagoj Kulundzic";
				TargetAttributes = {
					345B73481B95D886002D6DD8 = {
						CreatedOnToolsVersion = 6.4;
					};
					345B73611B95D886002D6DD8 = {
						CreatedOnToolsVersion = 6.4;
						TestTargetID = 345B73481B95D886002D6DD8;
					};
				};
			};
			buildConfigurationList = 345B73441B95D886002D6DD8 /* Build configuration list for PBXProject "FacebookTestApp" */;
			compatibilityVersion = "Xcode 3.2";
			developmentRegion = English;
			hasScannedForEncodings = 0;
			knownRegions = (
				en,
				Base,
			);
			mainGroup = 345B73401B95D886002D6DD8;
			productRefGroup = 345B734A1B95D886002D6DD8 /* Products */;
			projectDirPath = "";
			projectRoot = "";
			targets = (
				345B73481B95D886002D6DD8 /* FacebookTestApp */,
				345B73611B95D886002D6DD8 /* FacebookTestAppTests */,
			);
		};
/* End PBXProject section */

/* Begin PBXResourcesBuildPhase section */
		345B73471B95D886002D6DD8 /* Resources */ = {
			isa = PBXResourcesBuildPhase;
			buildActionMask = 2147483647;
			files = (
				345B73581B95D886002D6DD8 /* Main.storyboard in Resources */,
				345B735D1B95D886002D6DD8 /* LaunchScreen.xib in Resources */,
				345B735A1B95D886002D6DD8 /* Images.xcassets in Resources */,
			);
			runOnlyForDeploymentPostprocessing = 0;
		};
		345B73601B95D886002D6DD8 /* Resources */ = {
			isa = PBXResourcesBuildPhase;
			buildActionMask = 2147483647;
			files = (
			);
			runOnlyForDeploymentPostprocessing = 0;
		};
/* End PBXResourcesBuildPhase section */

/* Begin PBXShellScriptBuildPhase section */
		3FA35A391A8D3193BC01B488 /* Check Pods Manifest.lock */ = {
			isa = PBXShellScriptBuildPhase;
			buildActionMask = 2147483647;
			files = (
			);
			inputPaths = (
			);
			name = "Check Pods Manifest.lock";
			outputPaths = (
			);
			runOnlyForDeploymentPostprocessing = 0;
			shellPath = /bin/sh;
			shellScript = "diff \"${PODS_ROOT}/../Podfile.lock\" \"${PODS_ROOT}/Manifest.lock\" > /dev/null\nif [[ $? != 0 ]] ; then\n    cat << EOM\nerror: The sandbox is not in sync with the Podfile.lock. Run 'pod install' or update your CocoaPods installation.\nEOM\n    exit 1\nfi\n";
			showEnvVarsInLog = 0;
		};
		8411A0A5717B2FEBE2690E72 /* Copy Pods Resources */ = {
			isa = PBXShellScriptBuildPhase;
			buildActionMask = 2147483647;
			files = (
			);
			inputPaths = (
			);
			name = "Copy Pods Resources";
			outputPaths = (
			);
			runOnlyForDeploymentPostprocessing = 0;
			shellPath = /bin/sh;
			shellScript = "\"${SRCROOT}/Pods/Target Support Files/Pods-FacebookTestApp/Pods-FacebookTestApp-resources.sh\"\n";
			showEnvVarsInLog = 0;
		};
/* End PBXShellScriptBuildPhase section */

/* Begin PBXSourcesBuildPhase section */
		345B73451B95D886002D6DD8 /* Sources */ = {
			isa = PBXSourcesBuildPhase;
			buildActionMask = 2147483647;
			files = (
				345B73551B95D886002D6DD8 /* ViewController.m in Sources */,
				345B73521B95D886002D6DD8 /* AppDelegate.m in Sources */,
				345B734F1B95D886002D6DD8 /* main.m in Sources */,
			);
			runOnlyForDeploymentPostprocessing = 0;
		};
		345B735E1B95D886002D6DD8 /* Sources */ = {
			isa = PBXSourcesBuildPhase;
			buildActionMask = 2147483647;
			files = (
				345B73691B95D886002D6DD8 /* FacebookTestAppTests.m in Sources */,
			);
			runOnlyForDeploymentPostprocessing = 0;
		};
/* End PBXSourcesBuildPhase section */

/* Begin PBXTargetDependency section */
		345B73641B95D886002D6DD8 /* PBXTargetDependency */ = {
			isa = PBXTargetDependency;
			target = 345B73481B95D886002D6DD8 /* FacebookTestApp */;
			targetProxy = 345B73631B95D886002D6DD8 /* PBXContainerItemProxy */;
		};
/* End PBXTargetDependency section */

/* Begin PBXVariantGroup section */
		345B73561B95D886002D6DD8 /* Main.storyboard */ = {
			isa = PBXVariantGroup;
			children = (
				345B73571B95D886002D6DD8 /* Base */,
			);
			name = Main.storyboard;
			sourceTree = "<group>";
		};
		345B735B1B95D886002D6DD8 /* LaunchScreen.xib */ = {
			isa = PBXVariantGroup;
			children = (
				345B735C1B95D886002D6DD8 /* Base */,
			);
			name = LaunchScreen.xib;
			sourceTree = "<group>";
		};
/* End PBXVariantGroup section */

/* Begin XCBuildConfiguration section */
		345B736A1B95D886002D6DD8 /* Debug */ = {
			isa = XCBuildConfiguration;
			buildSettings = {
				ALWAYS_SEARCH_USER_PATHS = NO;
				CLANG_CXX_LANGUAGE_STANDARD = "gnu++0x";
				CLANG_CXX_LIBRARY = "libc++";
				CLANG_ENABLE_MODULES = YES;
				CLANG_ENABLE_OBJC_ARC = YES;
				CLANG_WARN_BOOL_CONVERSION = YES;
				CLANG_WARN_CONSTANT_CONVERSION = YES;
				CLANG_WARN_DIRECT_OBJC_ISA_USAGE = YES_ERROR;
				CLANG_WARN_EMPTY_BODY = YES;
				CLANG_WARN_ENUM_CONVERSION = YES;
				CLANG_WARN_INT_CONVERSION = YES;
				CLANG_WARN_OBJC_ROOT_CLASS = YES_ERROR;
				CLANG_WARN_UNREACHABLE_CODE = YES;
				CLANG_WARN__DUPLICATE_METHOD_MATCH = YES;
				"CODE_SIGN_IDENTITY[sdk=iphoneos*]" = "iPhone Developer";
				COPY_PHASE_STRIP = NO;
				DEBUG_INFORMATION_FORMAT = "dwarf-with-dsym";
				ENABLE_STRICT_OBJC_MSGSEND = YES;
				GCC_C_LANGUAGE_STANDARD = gnu99;
				GCC_DYNAMIC_NO_PIC = NO;
				GCC_NO_COMMON_BLOCKS = YES;
				GCC_OPTIMIZATION_LEVEL = 0;
				GCC_PREPROCESSOR_DEFINITIONS = (
					"DEBUG=1",
					"$(inherited)",
				);
				GCC_SYMBOLS_PRIVATE_EXTERN = NO;
				GCC_WARN_64_TO_32_BIT_CONVERSION = YES;
				GCC_WARN_ABOUT_RETURN_TYPE = YES_ERROR;
				GCC_WARN_UNDECLARED_SELECTOR = YES;
				GCC_WARN_UNINITIALIZED_AUTOS = YES_AGGRESSIVE;
				GCC_WARN_UNUSED_FUNCTION = YES;
				GCC_WARN_UNUSED_VARIABLE = YES;
				IPHONEOS_DEPLOYMENT_TARGET = 8.4;
				MTL_ENABLE_DEBUG_INFO = YES;
				ONLY_ACTIVE_ARCH = YES;
				SDKROOT = iphoneos;
				TARGETED_DEVICE_FAMILY = "1,2";
			};
			name = Debug;
		};
		345B736B1B95D886002D6DD8 /* Release */ = {
			isa = XCBuildConfiguration;
			buildSettings = {
				ALWAYS_SEARCH_USER_PATHS = NO;
				CLANG_CXX_LANGUAGE_STANDARD = "gnu++0x";
				CLANG_CXX_LIBRARY = "libc++";
				CLANG_ENABLE_MODULES = YES;
				CLANG_ENABLE_OBJC_ARC = YES;
				CLANG_WARN_BOOL_CONVERSION = YES;
				CLANG_WARN_CONSTANT_CONVERSION = YES;
				CLANG_WARN_DIRECT_OBJC_ISA_USAGE = YES_ERROR;
				CLANG_WARN_EMPTY_BODY = YES;
				CLANG_WARN_ENUM_CONVERSION = YES;
				CLANG_WARN_INT_CONVERSION = YES;
				CLANG_WARN_OBJC_ROOT_CLASS = YES_ERROR;
				CLANG_WARN_UNREACHABLE_CODE = YES;
				CLANG_WARN__DUPLICATE_METHOD_MATCH = YES;
				"CODE_SIGN_IDENTITY[sdk=iphoneos*]" = "iPhone Developer";
				COPY_PHASE_STRIP = NO;
				DEBUG_INFORMATION_FORMAT = "dwarf-with-dsym";
				ENABLE_NS_ASSERTIONS = NO;
				ENABLE_STRICT_OBJC_MSGSEND = YES;
				GCC_C_LANGUAGE_STANDARD = gnu99;
				GCC_NO_COMMON_BLOCKS = YES;
				GCC_WARN_64_TO_32_BIT_CONVERSION = YES;
				GCC_WARN_ABOUT_RETURN_TYPE = YES_ERROR;
				GCC_WARN_UNDECLARED_SELECTOR = YES;
				GCC_WARN_UNINITIALIZED_AUTOS = YES_AGGRESSIVE;
				GCC_WARN_UNUSED_FUNCTION = YES;
				GCC_WARN_UNUSED_VARIABLE = YES;
				IPHONEOS_DEPLOYMENT_TARGET = 8.4;
				MTL_ENABLE_DEBUG_INFO = NO;
				SDKROOT = iphoneos;
				TARGETED_DEVICE_FAMILY = "1,2";
				VALIDATE_PRODUCT = YES;
			};
			name = Release;
		};
		345B736D1B95D886002D6DD8 /* Debug */ = {
			isa = XCBuildConfiguration;
			baseConfigurationReference = A65B5A8CC02B09FE9C8385C7 /* Pods-FacebookTestApp.debug.xcconfig */;
			buildSettings = {
				ASSETCATALOG_COMPILER_APPICON_NAME = AppIcon;
				CODE_SIGN_IDENTITY = "iPhone Developer: Domagoj Kulundzic (UV736G4HAA)";
				INFOPLIST_FILE = FacebookTestApp/Info.plist;
				LD_RUNPATH_SEARCH_PATHS = "$(inherited) @executable_path/Frameworks";
				PRODUCT_NAME = "$(TARGET_NAME)";
				PROVISIONING_PROFILE = "a1ea006b-700f-47ec-8a83-3e05e454c1d9";
			};
			name = Debug;
		};
		345B736E1B95D886002D6DD8 /* Release */ = {
			isa = XCBuildConfiguration;
			baseConfigurationReference = C0834892E50D21C397174928 /* Pods-FacebookTestApp.release.xcconfig */;
			buildSettings = {
				ASSETCATALOG_COMPILER_APPICON_NAME = AppIcon;
				INFOPLIST_FILE = FacebookTestApp/Info.plist;
				LD_RUNPATH_SEARCH_PATHS = "$(inherited) @executable_path/Frameworks";
				PRODUCT_NAME = "$(TARGET_NAME)";
				PROVISIONING_PROFILE = "a1ea006b-700f-47ec-8a83-3e05e454c1d9";
			};
			name = Release;
		};
		345B73701B95D886002D6DD8 /* Debug */ = {
			isa = XCBuildConfiguration;
			buildSettings = {
				BUNDLE_LOADER = "$(TEST_HOST)";
				FRAMEWORK_SEARCH_PATHS = (
					"$(SDKROOT)/Developer/Library/Frameworks",
					"$(inherited)",
				);
				GCC_PREPROCESSOR_DEFINITIONS = (
					"DEBUG=1",
					"$(inherited)",
				);
				INFOPLIST_FILE = FacebookTestAppTests/Info.plist;
				LD_RUNPATH_SEARCH_PATHS = "$(inherited) @executable_path/Frameworks @loader_path/Frameworks";
				PRODUCT_NAME = "$(TARGET_NAME)";
				TEST_HOST = "$(BUILT_PRODUCTS_DIR)/FacebookTestApp.app/FacebookTestApp";
			};
			name = Debug;
		};
		345B73711B95D886002D6DD8 /* Release */ = {
			isa = XCBuildConfiguration;
			buildSettings = {
				BUNDLE_LOADER = "$(TEST_HOST)";
				FRAMEWORK_SEARCH_PATHS = (
					"$(SDKROOT)/Developer/Library/Frameworks",
					"$(inherited)",
				);
				INFOPLIST_FILE = FacebookTestAppTests/Info.plist;
				LD_RUNPATH_SEARCH_PATHS = "$(inherited) @executable_path/Frameworks @loader_path/Frameworks";
				PRODUCT_NAME = "$(TARGET_NAME)";
				TEST_HOST = "$(BUILT_PRODUCTS_DIR)/FacebookTestApp.app/FacebookTestApp";
			};
			name = Release;
		};
/* End XCBuildConfiguration section */

/* Begin XCConfigurationList section */
		345B73441B95D886002D6DD8 /* Build configuration list for PBXProject "FacebookTestApp" */ = {
			isa = XCConfigurationList;
			buildConfigurations = (
				345B736A1B95D886002D6DD8 /* Debug */,
				345B736B1B95D886002D6DD8 /* Release */,
			);
			defaultConfigurationIsVisible = 0;
			defaultConfigurationName = Release;
		};
		345B736C1B95D886002D6DD8 /* Build configuration list for PBXNativeTarget "FacebookTestApp" */ = {
			isa = XCConfigurationList;
			buildConfigurations = (
				345B736D1B95D886002D6DD8 /* Debug */,
				345B736E1B95D886002D6DD8 /* Release */,
			);
			defaultConfigurationIsVisible = 0;
			defaultConfigurationName = Release;
		};
		345B736F1B95D886002D6DD8 /* Build configuration list for PBXNativeTarget "FacebookTestAppTests" */ = {
			isa = XCConfigurationList;
			buildConfigurations = (
				345B73701B95D886002D6DD8 /* Debug */,
				345B73711B95D886002D6DD8 /* Release */,
			);
			defaultConfigurationIsVisible = 0;
			defaultConfigurationName = Release;
		};
/* End XCConfigurationList section */
	};
	rootObject = 345B73411B95D886002D6DD8 /* Project object */;
}
